{
  "name": "findpngmatadata",
  "version": "1.0.0",
  "lockfileVersion": 1,
  "requires": true,
  "dependencies": {
    "debug": {
      "version": "2.6.9",
      "resolved": "http://registry.npm.taobao.org/debug/download/debug-2.6.9.tgz",
      "integrity": "sha1-XRKFFd8TT/Mn6QpMk/Tgd6U2NB8=",
      "requires": {
        "ms": "2.0.0"
      }
    },
    "exif": {
      "version": "0.6.0",
      "resolved": "http://registry.npm.taobao.org/exif/download/exif-0.6.0.tgz",
      "integrity": "sha1-YKYmaAdlQst+T1cZnUrG830sX0o=",
      "requires": {
        "debug": "2.6.9"
      }
    },
    "foreachasync": {
      "version": "3.0.0",
      "resolved": "http://registry.npm.taobao.org/foreachasync/download/foreachasync-3.0.0.tgz",
      "integrity": "sha1-VQKYfchxS+M5IJfzLgBxyd7gfPY="
    },
    "ms": {
      "version": "2.0.0",
      "resolved": "http://registry.npm.taobao.org/ms/download/ms-2.0.0.tgz",
      "integrity": "sha1-VgiurfwAvmwpAd9fmGF4jeDVl8g="
    },
    "png-metadata": {
      "version": "1.0.1",
      "resolved": "http://registry.npm.taobao.org/png-metadata/download/png-metadata-1.0.1.tgz",
      "integrity": "sha1-1a4DtWz/323AOJRPG9/LUGegsTo="
    },
    "walk": {
      "version": "2.3.13",
      "resolved": "http://registry.npm.taobao.org/walk/download/walk-2.3.13.tgz",
      "integrity": "sha1-QAhSregN9nn1Rjfk8IZU7WYo9to=",
      "requires": {
        "foreachasync": "3.0.0"
      }
    }
  }
}
